
Microsoft Visual Studio Solution File, Format Version 12.00
# Visual Studio Version 16
VisualStudioVersion = 16.0.29102.190
MinimumVisualStudioVersion = 10.0.40219.1
Project("{FAE04EC0-301F-11D3-BF4B-00C04F79EFBC}") = "3. Messages Manager", "3. Messages Manager\3. Messages Manager.csproj", "{B305E859-2833-4285-BC18-09F0C1B90044}"
EndProject
Global
	GlobalSection(SolutionConfigurationPlatforms) = preSolution
		Debug|Any CPU = Debug|Any CPU
		Release|Any CPU = Release|Any CPU
	EndGlobalSection
	GlobalSection(ProjectConfigurationPlatforms) = postSolution
		{B305E859-2833-4285-BC18-09F0C1B90044}.Debug|Any CPU.ActiveCfg = Debug|Any CPU
		{B305E859-2833-4285-BC18-09F0C1B90044}.Debug|Any CPU.Build.0 = Debug|Any CPU
		{B305E859-2833-4285-BC18-09F0C1B90044}.Release|Any CPU.ActiveCfg = Release|Any CPU
		{B305E859-2833-4285-BC18-09F0C1B90044}.Release|Any CPU.Build.0 = Release|Any CPU
	EndGlobalSection
	GlobalSection(SolutionProperties) = preSolution
		HideSolutionNode = FALSE
	EndGlobalSection
	GlobalSection(ExtensibilityGlobals) = postSolution
		SolutionGuid = {AB398521-FFDB-45EF-B14C-FFCB6896DF9E}
	EndGlobalSection
EndGlobal
