
Microsoft Visual Studio Solution File, Format Version 12.00
# Visual Studio Version 16
VisualStudioVersion = 16.0.29102.190
MinimumVisualStudioVersion = 10.0.40219.1
Project("{FAE04EC0-301F-11D3-BF4B-00C04F79EFBC}") = "1. Concert", "1. Concert\1. Concert.csproj", "{A48EC391-4E17-4B96-A41A-AD26A1D1B42A}"
EndProject
Global
	GlobalSection(SolutionConfigurationPlatforms) = preSolution
		Debug|Any CPU = Debug|Any CPU
		Release|Any CPU = Release|Any CPU
	EndGlobalSection
	GlobalSection(ProjectConfigurationPlatforms) = postSolution
		{A48EC391-4E17-4B96-A41A-AD26A1D1B42A}.Debug|Any CPU.ActiveCfg = Debug|Any CPU
		{A48EC391-4E17-4B96-A41A-AD26A1D1B42A}.Debug|Any CPU.Build.0 = Debug|Any CPU
		{A48EC391-4E17-4B96-A41A-AD26A1D1B42A}.Release|Any CPU.ActiveCfg = Release|Any CPU
		{A48EC391-4E17-4B96-A41A-AD26A1D1B42A}.Release|Any CPU.Build.0 = Release|Any CPU
	EndGlobalSection
	GlobalSection(SolutionProperties) = preSolution
		HideSolutionNode = FALSE
	EndGlobalSection
	GlobalSection(ExtensibilityGlobals) = postSolution
		SolutionGuid = {3216C196-3E60-401B-984A-144D165D342C}
	EndGlobalSection
EndGlobal
