
Microsoft Visual Studio Solution File, Format Version 12.00
# Visual Studio Version 16
VisualStudioVersion = 16.0.29102.190
MinimumVisualStudioVersion = 10.0.40219.1
Project("{FAE04EC0-301F-11D3-BF4B-00C04F79EFBC}") = "3. SoftUni Bar Income", "3. SoftUni Bar Income\3. SoftUni Bar Income.csproj", "{5411609F-5F07-49B9-8D8A-C228787072F5}"
EndProject
Global
	GlobalSection(SolutionConfigurationPlatforms) = preSolution
		Debug|Any CPU = Debug|Any CPU
		Release|Any CPU = Release|Any CPU
	EndGlobalSection
	GlobalSection(ProjectConfigurationPlatforms) = postSolution
		{5411609F-5F07-49B9-8D8A-C228787072F5}.Debug|Any CPU.ActiveCfg = Debug|Any CPU
		{5411609F-5F07-49B9-8D8A-C228787072F5}.Debug|Any CPU.Build.0 = Debug|Any CPU
		{5411609F-5F07-49B9-8D8A-C228787072F5}.Release|Any CPU.ActiveCfg = Release|Any CPU
		{5411609F-5F07-49B9-8D8A-C228787072F5}.Release|Any CPU.Build.0 = Release|Any CPU
	EndGlobalSection
	GlobalSection(SolutionProperties) = preSolution
		HideSolutionNode = FALSE
	EndGlobalSection
	GlobalSection(ExtensibilityGlobals) = postSolution
		SolutionGuid = {D7A14887-C78F-4654-AEA5-2D8C53F7D8F1}
	EndGlobalSection
EndGlobal
