
Microsoft Visual Studio Solution File, Format Version 12.00
# Visual Studio Version 16
VisualStudioVersion = 16.0.29102.190
MinimumVisualStudioVersion = 10.0.40219.1
Project("{FAE04EC0-301F-11D3-BF4B-00C04F79EFBC}") = "2. Message Decrypter", "2. Message Decrypter\2. Message Decrypter.csproj", "{477EED6C-A5F2-4911-9A06-77CC4A224D2D}"
EndProject
Global
	GlobalSection(SolutionConfigurationPlatforms) = preSolution
		Debug|Any CPU = Debug|Any CPU
		Release|Any CPU = Release|Any CPU
	EndGlobalSection
	GlobalSection(ProjectConfigurationPlatforms) = postSolution
		{477EED6C-A5F2-4911-9A06-77CC4A224D2D}.Debug|Any CPU.ActiveCfg = Debug|Any CPU
		{477EED6C-A5F2-4911-9A06-77CC4A224D2D}.Debug|Any CPU.Build.0 = Debug|Any CPU
		{477EED6C-A5F2-4911-9A06-77CC4A224D2D}.Release|Any CPU.ActiveCfg = Release|Any CPU
		{477EED6C-A5F2-4911-9A06-77CC4A224D2D}.Release|Any CPU.Build.0 = Release|Any CPU
	EndGlobalSection
	GlobalSection(SolutionProperties) = preSolution
		HideSolutionNode = FALSE
	EndGlobalSection
	GlobalSection(ExtensibilityGlobals) = postSolution
		SolutionGuid = {E0CEEF4E-DFB9-4C92-A372-8B3F185593E7}
	EndGlobalSection
EndGlobal
