
Microsoft Visual Studio Solution File, Format Version 12.00
# Visual Studio Version 16
VisualStudioVersion = 16.0.29102.190
MinimumVisualStudioVersion = 10.0.40219.1
Project("{FAE04EC0-301F-11D3-BF4B-00C04F79EFBC}") = "1. String Manipulator", "1. String Manipulator\1. String Manipulator.csproj", "{2D2AC930-6FF5-42BD-8568-817237EED31B}"
EndProject
Global
	GlobalSection(SolutionConfigurationPlatforms) = preSolution
		Debug|Any CPU = Debug|Any CPU
		Release|Any CPU = Release|Any CPU
	EndGlobalSection
	GlobalSection(ProjectConfigurationPlatforms) = postSolution
		{2D2AC930-6FF5-42BD-8568-817237EED31B}.Debug|Any CPU.ActiveCfg = Debug|Any CPU
		{2D2AC930-6FF5-42BD-8568-817237EED31B}.Debug|Any CPU.Build.0 = Debug|Any CPU
		{2D2AC930-6FF5-42BD-8568-817237EED31B}.Release|Any CPU.ActiveCfg = Release|Any CPU
		{2D2AC930-6FF5-42BD-8568-817237EED31B}.Release|Any CPU.Build.0 = Release|Any CPU
	EndGlobalSection
	GlobalSection(SolutionProperties) = preSolution
		HideSolutionNode = FALSE
	EndGlobalSection
	GlobalSection(ExtensibilityGlobals) = postSolution
		SolutionGuid = {7629CAB8-F6C6-4087-B890-DA8BC6FE9910}
	EndGlobalSection
EndGlobal
